
Microsoft Visual Studio Solution File, Format Version 12.00
# Visual Studio Version 17
VisualStudioVersion = 17.5.33530.505
MinimumVisualStudioVersion = 10.0.40219.1
Project("{FAE04EC0-301F-11D3-BF4B-00C04F79EFBC}") = "EasyCashIdentityProject.EntityLayer", "EasyCashIdentityProject.EntityLayer\EasyCashIdentityProject.EntityLayer.csproj", "{2D36E745-E521-4C24-A05D-6630902A5A83}"
EndProject
Project("{FAE04EC0-301F-11D3-BF4B-00C04F79EFBC}") = "EasyCashIdentityProject.DataAccessLayer", "EasyCashIdentityProject.DataAccessLayer\EasyCashIdentityProject.DataAccessLayer.csproj", "{8F0717C0-778F-4692-A1B1-6DA8DC26E271}"
EndProject
Project("{FAE04EC0-301F-11D3-BF4B-00C04F79EFBC}") = "EasyCashIdentityProject.BusinessLayer", "EasyCashIdentityProject.BusinessLayer\EasyCashIdentityProject.BusinessLayer.csproj", "{C766F1C0-5A33-44D2-9654-EAE741F76498}"
EndProject
Project("{FAE04EC0-301F-11D3-BF4B-00C04F79EFBC}") = "EasyCashIdentityProject.DtoLayer", "EasyCashIdentityProject.DtoLayer\EasyCashIdentityProject.DtoLayer.csproj", "{6224EBAD-D704-4D46-823E-C8817AE719A6}"
EndProject
Project("{FAE04EC0-301F-11D3-BF4B-00C04F79EFBC}") = "EasyCashIdentityProject.PersentationLayer", "EasyCashIdentityProject.PersentationLayer\EasyCashIdentityProject.PersentationLayer.csproj", "{84768925-2155-4EEC-A576-3620C6BED513}"
EndProject
Global
	GlobalSection(SolutionConfigurationPlatforms) = preSolution
		Debug|Any CPU = Debug|Any CPU
		Release|Any CPU = Release|Any CPU
	EndGlobalSection
	GlobalSection(ProjectConfigurationPlatforms) = postSolution
		{2D36E745-E521-4C24-A05D-6630902A5A83}.Debug|Any CPU.ActiveCfg = Debug|Any CPU
		{2D36E745-E521-4C24-A05D-6630902A5A83}.Debug|Any CPU.Build.0 = Debug|Any CPU
		{2D36E745-E521-4C24-A05D-6630902A5A83}.Release|Any CPU.ActiveCfg = Release|Any CPU
		{2D36E745-E521-4C24-A05D-6630902A5A83}.Release|Any CPU.Build.0 = Release|Any CPU
		{8F0717C0-778F-4692-A1B1-6DA8DC26E271}.Debug|Any CPU.ActiveCfg = Debug|Any CPU
		{8F0717C0-778F-4692-A1B1-6DA8DC26E271}.Debug|Any CPU.Build.0 = Debug|Any CPU
		{8F0717C0-778F-4692-A1B1-6DA8DC26E271}.Release|Any CPU.ActiveCfg = Release|Any CPU
		{8F0717C0-778F-4692-A1B1-6DA8DC26E271}.Release|Any CPU.Build.0 = Release|Any CPU
		{C766F1C0-5A33-44D2-9654-EAE741F76498}.Debug|Any CPU.ActiveCfg = Debug|Any CPU
		{C766F1C0-5A33-44D2-9654-EAE741F76498}.Debug|Any CPU.Build.0 = Debug|Any CPU
		{C766F1C0-5A33-44D2-9654-EAE741F76498}.Release|Any CPU.ActiveCfg = Release|Any CPU
		{C766F1C0-5A33-44D2-9654-EAE741F76498}.Release|Any CPU.Build.0 = Release|Any CPU
		{6224EBAD-D704-4D46-823E-C8817AE719A6}.Debug|Any CPU.ActiveCfg = Debug|Any CPU
		{6224EBAD-D704-4D46-823E-C8817AE719A6}.Debug|Any CPU.Build.0 = Debug|Any CPU
		{6224EBAD-D704-4D46-823E-C8817AE719A6}.Release|Any CPU.ActiveCfg = Release|Any CPU
		{6224EBAD-D704-4D46-823E-C8817AE719A6}.Release|Any CPU.Build.0 = Release|Any CPU
		{84768925-2155-4EEC-A576-3620C6BED513}.Debug|Any CPU.ActiveCfg = Debug|Any CPU
		{84768925-2155-4EEC-A576-3620C6BED513}.Debug|Any CPU.Build.0 = Debug|Any CPU
		{84768925-2155-4EEC-A576-3620C6BED513}.Release|Any CPU.ActiveCfg = Release|Any CPU
		{84768925-2155-4EEC-A576-3620C6BED513}.Release|Any CPU.Build.0 = Release|Any CPU
	EndGlobalSection
	GlobalSection(SolutionProperties) = preSolution
		HideSolutionNode = FALSE
	EndGlobalSection
	GlobalSection(ExtensibilityGlobals) = postSolution
		SolutionGuid = {E10F59BC-0D46-46CE-AB01-FF33BF4C0A96}
	EndGlobalSection
EndGlobal
